// !$*UTF8*$!
{
	archiveVersion = 1;
	classes = {
	};
	objectVersion = 46;
	objects = {

/* Begin PBXBuildFile section */
		571793BF1CE3D01F0044903D /* Model.xcdatamodeld in Sources */ = {isa = PBXBuildFile; fileRef = 571793BD1CE3D01F0044903D /* Model.xcdatamodeld */; };
		571793C31CE3D0F20044903D /* Message.swift in Sources */ = {isa = PBXBuildFile; fileRef = 571793C11CE3D0F20044903D /* Message.swift */; };
		571793C71CE3D92C0044903D /* Chat+CoreDataProperties.swift in Sources */ = {isa = PBXBuildFile; fileRef = 571793C41CE3D92C0044903D /* Chat+CoreDataProperties.swift */; };
		571793C81CE3D92C0044903D /* Chat.swift in Sources */ = {isa = PBXBuildFile; fileRef = 571793C51CE3D92C0044903D /* Chat.swift */; };
		571793CB1CE3D94D0044903D /* Message+CoreDataProperties.swift in Sources */ = {isa = PBXBuildFile; fileRef = 571793CA1CE3D94D0044903D /* Message+CoreDataProperties.swift */; };
		571793CD1CE3DACF0044903D /* ChatCell.swift in Sources */ = {isa = PBXBuildFile; fileRef = 571793CC1CE3DACF0044903D /* ChatCell.swift */; };
		571793CF1CE3DE330044903D /* AllChatsViewController.swift in Sources */ = {isa = PBXBuildFile; fileRef = 571793CE1CE3DE330044903D /* AllChatsViewController.swift */; };
		574D1E611CC3A44A0065B836 /* UITableView+Scroll.swift in Sources */ = {isa = PBXBuildFile; fileRef = 574D1E601CC3A44A0065B836 /* UITableView+Scroll.swift */; };
		5766365E1CE525540021A2D5 /* Contact+CoreDataProperties.swift in Sources */ = {isa = PBXBuildFile; fileRef = 5766365C1CE525540021A2D5 /* Contact+CoreDataProperties.swift */; };
		5766365F1CE525540021A2D5 /* Contact.swift in Sources */ = {isa = PBXBuildFile; fileRef = 5766365D1CE525540021A2D5 /* Contact.swift */; };
		576636611CE5283B0021A2D5 /* NewChatViewController.swift in Sources */ = {isa = PBXBuildFile; fileRef = 576636601CE5283B0021A2D5 /* NewChatViewController.swift */; };
		57861DC51CDEDAD4008D218E /* CDHelper.swift in Sources */ = {isa = PBXBuildFile; fileRef = 57861DC41CDEDAD4008D218E /* CDHelper.swift */; };
		57C329521CE53B020046B1B7 /* TableViewFetchedResultsDelegate.swift in Sources */ = {isa = PBXBuildFile; fileRef = 57C329511CE53AFE0046B1B7 /* TableViewFetchedResultsDelegate.swift */; };
		57C329541CE53F300046B1B7 /* UIViewController+FillWithView.swift in Sources */ = {isa = PBXBuildFile; fileRef = 57C329531CE53F300046B1B7 /* UIViewController+FillWithView.swift */; };
		57C329561CE652930046B1B7 /* ChatCreationDelegate.swift in Sources */ = {isa = PBXBuildFile; fileRef = 57C329551CE652930046B1B7 /* ChatCreationDelegate.swift */; };
		57ECAC831CC3315D006CE193 /* AppDelegate.swift in Sources */ = {isa = PBXBuildFile; fileRef = 57ECAC821CC3315D006CE193 /* AppDelegate.swift */; };
		57ECAC851CC3315D006CE193 /* ChatViewController.swift in Sources */ = {isa = PBXBuildFile; fileRef = 57ECAC841CC3315D006CE193 /* ChatViewController.swift */; };
		57ECAC881CC3315D006CE193 /* Main.storyboard in Resources */ = {isa = PBXBuildFile; fileRef = 57ECAC861CC3315D006CE193 /* Main.storyboard */; };
		57ECAC8A1CC3315D006CE193 /* Assets.xcassets in Resources */ = {isa = PBXBuildFile; fileRef = 57ECAC891CC3315D006CE193 /* Assets.xcassets */; };
		57ECAC8D1CC3315D006CE193 /* LaunchScreen.storyboard in Resources */ = {isa = PBXBuildFile; fileRef = 57ECAC8B1CC3315D006CE193 /* LaunchScreen.storyboard */; };
		57ECAC971CC33717006CE193 /* MessageCell.swift in Sources */ = {isa = PBXBuildFile; fileRef = 57ECAC961CC33717006CE193 /* MessageCell.swift */; };
		57F6FBF01D5142CA00E20021 /* NewGroupViewController.swift in Sources */ = {isa = PBXBuildFile; fileRef = 57F6FBEF1D5142CA00E20021 /* NewGroupViewController.swift */; };
		57F6FBF21D52530200E20021 /* NewGroupParticipantsViewController.swift in Sources */ = {isa = PBXBuildFile; fileRef = 57F6FBF11D52530200E20021 /* NewGroupParticipantsViewController.swift */; };
		57F6FBF41D52650800E20021 /* ContactImporter.swift in Sources */ = {isa = PBXBuildFile; fileRef = 57F6FBF31D52650800E20021 /* ContactImporter.swift */; };
		57F6FBF71D5269A500E20021 /* PhoneNumber+CoreDataProperties.swift in Sources */ = {isa = PBXBuildFile; fileRef = 57F6FBF51D5269A500E20021 /* PhoneNumber+CoreDataProperties.swift */; };
		57F6FBF81D5269A500E20021 /* PhoneNumber.swift in Sources */ = {isa = PBXBuildFile; fileRef = 57F6FBF61D5269A500E20021 /* PhoneNumber.swift */; };
		57F6FBFC1D527DD600E20021 /* ContextViewController.swift in Sources */ = {isa = PBXBuildFile; fileRef = 57F6FBFB1D527DD600E20021 /* ContextViewController.swift */; };
		57F6FBFE1D528CB800E20021 /* ContactsViewController.swift in Sources */ = {isa = PBXBuildFile; fileRef = 57F6FBFD1D528CB800E20021 /* ContactsViewController.swift */; };
		57F6FC001D528FBF00E20021 /* TableViewFetchedResultsDisplayer.swift in Sources */ = {isa = PBXBuildFile; fileRef = 57F6FBFF1D528FBF00E20021 /* TableViewFetchedResultsDisplayer.swift */; };
		57F6FC021D5293E300E20021 /* ContactsSearchResultsController.swift in Sources */ = {isa = PBXBuildFile; fileRef = 57F6FC011D5293E300E20021 /* ContactsSearchResultsController.swift */; };
		57F6FC041D52991800E20021 /* ContactSelector.swift in Sources */ = {isa = PBXBuildFile; fileRef = 57F6FC031D52991800E20021 /* ContactSelector.swift */; };
/* End PBXBuildFile section */

/* Begin PBXFileReference section */
		571793BE1CE3D01F0044903D /* Model.xcdatamodel */ = {isa = PBXFileReference; lastKnownFileType = wrapper.xcdatamodel; path = Model.xcdatamodel; sourceTree = "<group>"; };
		571793C11CE3D0F20044903D /* Message.swift */ = {isa = PBXFileReference; fileEncoding = 4; lastKnownFileType = sourcecode.swift; path = Message.swift; sourceTree = "<group>"; };
		571793C41CE3D92C0044903D /* Chat+CoreDataProperties.swift */ = {isa = PBXFileReference; fileEncoding = 4; lastKnownFileType = sourcecode.swift; path = "Chat+CoreDataProperties.swift"; sourceTree = "<group>"; };
		571793C51CE3D92C0044903D /* Chat.swift */ = {isa = PBXFileReference; fileEncoding = 4; lastKnownFileType = sourcecode.swift; path = Chat.swift; sourceTree = "<group>"; };
		571793CA1CE3D94D0044903D /* Message+CoreDataProperties.swift */ = {isa = PBXFileReference; fileEncoding = 4; lastKnownFileType = sourcecode.swift; path = "Message+CoreDataProperties.swift"; sourceTree = "<group>"; };
		571793CC1CE3DACF0044903D /* ChatCell.swift */ = {isa = PBXFileReference; fileEncoding = 4; lastKnownFileType = sourcecode.swift; path = ChatCell.swift; sourceTree = "<group>"; };
		571793CE1CE3DE330044903D /* AllChatsViewController.swift */ = {isa = PBXFileReference; fileEncoding = 4; lastKnownFileType = sourcecode.swift; path = AllChatsViewController.swift; sourceTree = "<group>"; };
		574D1E601CC3A44A0065B836 /* UITableView+Scroll.swift */ = {isa = PBXFileReference; fileEncoding = 4; lastKnownFileType = sourcecode.swift; name = "UITableView+Scroll.swift"; path = "../UITableView+Scroll.swift"; sourceTree = "<group>"; };
		5766365C1CE525540021A2D5 /* Contact+CoreDataProperties.swift */ = {isa = PBXFileReference; fileEncoding = 4; lastKnownFileType = sourcecode.swift; path = "Contact+CoreDataProperties.swift"; sourceTree = "<group>"; };
		5766365D1CE525540021A2D5 /* Contact.swift */ = {isa = PBXFileReference; fileEncoding = 4; lastKnownFileType = sourcecode.swift; path = Contact.swift; sourceTree = "<group>"; };
		576636601CE5283B0021A2D5 /* NewChatViewController.swift */ = {isa = PBXFileReference; fileEncoding = 4; lastKnownFileType = sourcecode.swift; path = NewChatViewController.swift; sourceTree = "<group>"; };
		57861DC41CDEDAD4008D218E /* CDHelper.swift */ = {isa = PBXFileReference; fileEncoding = 4; lastKnownFileType = sourcecode.swift; path = CDHelper.swift; sourceTree = "<group>"; };
		57C329511CE53AFE0046B1B7 /* TableViewFetchedResultsDelegate.swift */ = {isa = PBXFileReference; fileEncoding = 4; lastKnownFileType = sourcecode.swift; path = TableViewFetchedResultsDelegate.swift; sourceTree = "<group>"; };
		57C329531CE53F300046B1B7 /* UIViewController+FillWithView.swift */ = {isa = PBXFileReference; fileEncoding = 4; lastKnownFileType = sourcecode.swift; path = "UIViewController+FillWithView.swift"; sourceTree = "<group>"; };
		57C329551CE652930046B1B7 /* ChatCreationDelegate.swift */ = {isa = PBXFileReference; fileEncoding = 4; lastKnownFileType = sourcecode.swift; path = ChatCreationDelegate.swift; sourceTree = "<group>"; };
		57ECAC7F1CC3315D006CE193 /* WhaleTalk.app */ = {isa = PBXFileReference; explicitFileType = wrapper.application; includeInIndex = 0; path = WhaleTalk.app; sourceTree = BUILT_PRODUCTS_DIR; };
		57ECAC821CC3315D006CE193 /* AppDelegate.swift */ = {isa = PBXFileReference; lastKnownFileType = sourcecode.swift; path = AppDelegate.swift; sourceTree = "<group>"; };
		57ECAC841CC3315D006CE193 /* ChatViewController.swift */ = {isa = PBXFileReference; lastKnownFileType = sourcecode.swift; path = ChatViewController.swift; sourceTree = "<group>"; };
		57ECAC871CC3315D006CE193 /* Base */ = {isa = PBXFileReference; lastKnownFileType = file.storyboard; name = Base; path = Base.lproj/Main.storyboard; sourceTree = "<group>"; };
		57ECAC891CC3315D006CE193 /* Assets.xcassets */ = {isa = PBXFileReference; lastKnownFileType = folder.assetcatalog; path = Assets.xcassets; sourceTree = "<group>"; };
		57ECAC8C1CC3315D006CE193 /* Base */ = {isa = PBXFileReference; lastKnownFileType = file.storyboard; name = Base; path = Base.lproj/LaunchScreen.storyboard; sourceTree = "<group>"; };
		57ECAC8E1CC3315D006CE193 /* Info.plist */ = {isa = PBXFileReference; lastKnownFileType = text.plist.xml; path = Info.plist; sourceTree = "<group>"; };
		57ECAC961CC33717006CE193 /* MessageCell.swift */ = {isa = PBXFileReference; fileEncoding = 4; lastKnownFileType = sourcecode.swift; path = MessageCell.swift; sourceTree = "<group>"; };
		57F6FBEF1D5142CA00E20021 /* NewGroupViewController.swift */ = {isa = PBXFileReference; fileEncoding = 4; lastKnownFileType = sourcecode.swift; path = NewGroupViewController.swift; sourceTree = "<group>"; };
		57F6FBF11D52530200E20021 /* NewGroupParticipantsViewController.swift */ = {isa = PBXFileReference; fileEncoding = 4; lastKnownFileType = sourcecode.swift; path = NewGroupParticipantsViewController.swift; sourceTree = "<group>"; };
		57F6FBF31D52650800E20021 /* ContactImporter.swift */ = {isa = PBXFileReference; fileEncoding = 4; lastKnownFileType = sourcecode.swift; path = ContactImporter.swift; sourceTree = "<group>"; };
		57F6FBF51D5269A500E20021 /* PhoneNumber+CoreDataProperties.swift */ = {isa = PBXFileReference; fileEncoding = 4; lastKnownFileType = sourcecode.swift; path = "PhoneNumber+CoreDataProperties.swift"; sourceTree = "<group>"; };
		57F6FBF61D5269A500E20021 /* PhoneNumber.swift */ = {isa = PBXFileReference; fileEncoding = 4; lastKnownFileType = sourcecode.swift; path = PhoneNumber.swift; sourceTree = "<group>"; };
		57F6FBFB1D527DD600E20021 /* ContextViewController.swift */ = {isa = PBXFileReference; fileEncoding = 4; lastKnownFileType = sourcecode.swift; path = ContextViewController.swift; sourceTree = "<group>"; };
		57F6FBFD1D528CB800E20021 /* ContactsViewController.swift */ = {isa = PBXFileReference; fileEncoding = 4; lastKnownFileType = sourcecode.swift; path = ContactsViewController.swift; sourceTree = "<group>"; };
		57F6FBFF1D528FBF00E20021 /* TableViewFetchedResultsDisplayer.swift */ = {isa = PBXFileReference; fileEncoding = 4; lastKnownFileType = sourcecode.swift; path = TableViewFetchedResultsDisplayer.swift; sourceTree = "<group>"; };
		57F6FC011D5293E300E20021 /* ContactsSearchResultsController.swift */ = {isa = PBXFileReference; fileEncoding = 4; lastKnownFileType = sourcecode.swift; path = ContactsSearchResultsController.swift; sourceTree = "<group>"; };
		57F6FC031D52991800E20021 /* ContactSelector.swift */ = {isa = PBXFileReference; fileEncoding = 4; lastKnownFileType = sourcecode.swift; path = ContactSelector.swift; sourceTree = "<group>"; };
/* End PBXFileReference section */

/* Begin PBXFrameworksBuildPhase section */
		57ECAC7C1CC3315D006CE193 /* Frameworks */ = {
			isa = PBXFrameworksBuildPhase;
			buildActionMask = 2147483647;
			files = (
			);
			runOnlyForDeploymentPostprocessing = 0;
		};
/* End PBXFrameworksBuildPhase section */

/* Begin PBXGroup section */
		57ECAC761CC3315D006CE193 = {
			isa = PBXGroup;
			children = (
				57F6FBF51D5269A500E20021 /* PhoneNumber+CoreDataProperties.swift */,
				57F6FBF61D5269A500E20021 /* PhoneNumber.swift */,
				5766365C1CE525540021A2D5 /* Contact+CoreDataProperties.swift */,
				5766365D1CE525540021A2D5 /* Contact.swift */,
				571793CA1CE3D94D0044903D /* Message+CoreDataProperties.swift */,
				571793C11CE3D0F20044903D /* Message.swift */,
				571793C41CE3D92C0044903D /* Chat+CoreDataProperties.swift */,
				571793C51CE3D92C0044903D /* Chat.swift */,
				57ECAC811CC3315D006CE193 /* WhaleTalk */,
				57ECAC801CC3315D006CE193 /* Products */,
			);
			sourceTree = "<group>";
		};
		57ECAC801CC3315D006CE193 /* Products */ = {
			isa = PBXGroup;
			children = (
				57ECAC7F1CC3315D006CE193 /* WhaleTalk.app */,
			);
			name = Products;
			sourceTree = "<group>";
		};
		57ECAC811CC3315D006CE193 /* WhaleTalk */ = {
			isa = PBXGroup;
			children = (
				57ECAC821CC3315D006CE193 /* AppDelegate.swift */,
				57F6FBFA1D527D9000E20021 /* New Group Participants VC */,
				57F6FBF91D527D7D00E20021 /* New Group VC */,
				57F6FBEC1D513E7D00E20021 /* Frameworks */,
				57F6FBEB1D513E7700E20021 /* Helpers */,
				57F6FBEA1D513E6A00E20021 /* ChatVC */,
				57F6FBE91D513E6100E20021 /* Protocols */,
				57F6FBE81D513E5800E20021 /* NewChatVC */,
				57F6FBE71D513E4D00E20021 /* AllChatsVC */,
				57F6FBE61D513E3B00E20021 /* ContactsVC */,
				57F6FBED1D513EF000E20021 /* Supporting Files */,
			);
			path = WhaleTalk;
			sourceTree = "<group>";
		};
		57F6FBE61D513E3B00E20021 /* ContactsVC */ = {
			isa = PBXGroup;
			children = (
				57F6FBFD1D528CB800E20021 /* ContactsViewController.swift */,
				57F6FC011D5293E300E20021 /* ContactsSearchResultsController.swift */,
			);
			name = ContactsVC;
			sourceTree = "<group>";
		};
		57F6FBE71D513E4D00E20021 /* AllChatsVC */ = {
			isa = PBXGroup;
			children = (
				571793CC1CE3DACF0044903D /* ChatCell.swift */,
				571793CE1CE3DE330044903D /* AllChatsViewController.swift */,
			);
			name = AllChatsVC;
			sourceTree = "<group>";
		};
		57F6FBE81D513E5800E20021 /* NewChatVC */ = {
			isa = PBXGroup;
			children = (
				576636601CE5283B0021A2D5 /* NewChatViewController.swift */,
			);
			name = NewChatVC;
			sourceTree = "<group>";
		};
		57F6FBE91D513E6100E20021 /* Protocols */ = {
			isa = PBXGroup;
			children = (
				57F6FC031D52991800E20021 /* ContactSelector.swift */,
				57F6FBFF1D528FBF00E20021 /* TableViewFetchedResultsDisplayer.swift */,
				57F6FBFB1D527DD600E20021 /* ContextViewController.swift */,
				57C329551CE652930046B1B7 /* ChatCreationDelegate.swift */,
				57C329511CE53AFE0046B1B7 /* TableViewFetchedResultsDelegate.swift */,
			);
			name = Protocols;
			sourceTree = "<group>";
		};
		57F6FBEA1D513E6A00E20021 /* ChatVC */ = {
			isa = PBXGroup;
			children = (
				57ECAC961CC33717006CE193 /* MessageCell.swift */,
				57ECAC841CC3315D006CE193 /* ChatViewController.swift */,
			);
			name = ChatVC;
			sourceTree = "<group>";
		};
		57F6FBEB1D513E7700E20021 /* Helpers */ = {
			isa = PBXGroup;
			children = (
				57F6FBF31D52650800E20021 /* ContactImporter.swift */,
				57861DC41CDEDAD4008D218E /* CDHelper.swift */,
				57C329531CE53F300046B1B7 /* UIViewController+FillWithView.swift */,
				574D1E601CC3A44A0065B836 /* UITableView+Scroll.swift */,
			);
			name = Helpers;
			sourceTree = "<group>";
		};
		57F6FBEC1D513E7D00E20021 /* Frameworks */ = {
			isa = PBXGroup;
			children = (
			);
			name = Frameworks;
			sourceTree = "<group>";
		};
		57F6FBED1D513EF000E20021 /* Supporting Files */ = {
			isa = PBXGroup;
			children = (
				57ECAC861CC3315D006CE193 /* Main.storyboard */,
				571793BD1CE3D01F0044903D /* Model.xcdatamodeld */,
				57ECAC891CC3315D006CE193 /* Assets.xcassets */,
				57ECAC8B1CC3315D006CE193 /* LaunchScreen.storyboard */,
				57ECAC8E1CC3315D006CE193 /* Info.plist */,
			);
			name = "Supporting Files";
			sourceTree = "<group>";
		};
		57F6FBF91D527D7D00E20021 /* New Group VC */ = {
			isa = PBXGroup;
			children = (
				57F6FBEF1D5142CA00E20021 /* NewGroupViewController.swift */,
			);
			name = "New Group VC";
			sourceTree = "<group>";
		};
		57F6FBFA1D527D9000E20021 /* New Group Participants VC */ = {
			isa = PBXGroup;
			children = (
				57F6FBF11D52530200E20021 /* NewGroupParticipantsViewController.swift */,
			);
			name = "New Group Participants VC";
			sourceTree = "<group>";
		};
/* End PBXGroup section */

/* Begin PBXNativeTarget section */
		57ECAC7E1CC3315D006CE193 /* WhaleTalk */ = {
			isa = PBXNativeTarget;
			buildConfigurationList = 57ECAC911CC3315D006CE193 /* Build configuration list for PBXNativeTarget "WhaleTalk" */;
			buildPhases = (
				57ECAC7B1CC3315D006CE193 /* Sources */,
				57ECAC7C1CC3315D006CE193 /* Frameworks */,
				57ECAC7D1CC3315D006CE193 /* Resources */,
			);
			buildRules = (
			);
			dependencies = (
			);
			name = WhaleTalk;
			productName = WhaleTalk;
			productReference = 57ECAC7F1CC3315D006CE193 /* WhaleTalk.app */;
			productType = "com.apple.product-type.application";
		};
/* End PBXNativeTarget section */

/* Begin PBXProject section */
		57ECAC771CC3315D006CE193 /* Project object */ = {
			isa = PBXProject;
			attributes = {
				LastSwiftUpdateCheck = 0730;
				LastUpgradeCheck = 0730;
				ORGANIZATIONNAME = com.whaletalk;
				TargetAttributes = {
					57ECAC7E1CC3315D006CE193 = {
						CreatedOnToolsVersion = 7.3;
					};
				};
			};
			buildConfigurationList = 57ECAC7A1CC3315D006CE193 /* Build configuration list for PBXProject "WhaleTalk" */;
			compatibilityVersion = "Xcode 3.2";
			developmentRegion = English;
			hasScannedForEncodings = 0;
			knownRegions = (
				en,
				Base,
			);
			mainGroup = 57ECAC761CC3315D006CE193;
			productRefGroup = 57ECAC801CC3315D006CE193 /* Products */;
			projectDirPath = "";
			projectRoot = "";
			targets = (
				57ECAC7E1CC3315D006CE193 /* WhaleTalk */,
			);
		};
/* End PBXProject section */

/* Begin PBXResourcesBuildPhase section */
		57ECAC7D1CC3315D006CE193 /* Resources */ = {
			isa = PBXResourcesBuildPhase;
			buildActionMask = 2147483647;
			files = (
				57ECAC8D1CC3315D006CE193 /* LaunchScreen.storyboard in Resources */,
				57ECAC8A1CC3315D006CE193 /* Assets.xcassets in Resources */,
				57ECAC881CC3315D006CE193 /* Main.storyboard in Resources */,
			);
			runOnlyForDeploymentPostprocessing = 0;
		};
/* End PBXResourcesBuildPhase section */

/* Begin PBXSourcesBuildPhase section */
		57ECAC7B1CC3315D006CE193 /* Sources */ = {
			isa = PBXSourcesBuildPhase;
			buildActionMask = 2147483647;
			files = (
				571793C71CE3D92C0044903D /* Chat+CoreDataProperties.swift in Sources */,
				57F6FBF41D52650800E20021 /* ContactImporter.swift in Sources */,
				57F6FC001D528FBF00E20021 /* TableViewFetchedResultsDisplayer.swift in Sources */,
				57F6FBFC1D527DD600E20021 /* ContextViewController.swift in Sources */,
				574D1E611CC3A44A0065B836 /* UITableView+Scroll.swift in Sources */,
				571793CD1CE3DACF0044903D /* ChatCell.swift in Sources */,
				57C329521CE53B020046B1B7 /* TableViewFetchedResultsDelegate.swift in Sources */,
				57861DC51CDEDAD4008D218E /* CDHelper.swift in Sources */,
				576636611CE5283B0021A2D5 /* NewChatViewController.swift in Sources */,
				571793C81CE3D92C0044903D /* Chat.swift in Sources */,
				57F6FBF21D52530200E20021 /* NewGroupParticipantsViewController.swift in Sources */,
				57F6FBF71D5269A500E20021 /* PhoneNumber+CoreDataProperties.swift in Sources */,
				571793BF1CE3D01F0044903D /* Model.xcdatamodeld in Sources */,
				5766365F1CE525540021A2D5 /* Contact.swift in Sources */,
				57C329541CE53F300046B1B7 /* UIViewController+FillWithView.swift in Sources */,
				571793CF1CE3DE330044903D /* AllChatsViewController.swift in Sources */,
				57F6FBF81D5269A500E20021 /* PhoneNumber.swift in Sources */,
				5766365E1CE525540021A2D5 /* Contact+CoreDataProperties.swift in Sources */,
				57ECAC971CC33717006CE193 /* MessageCell.swift in Sources */,
				57F6FBF01D5142CA00E20021 /* NewGroupViewController.swift in Sources */,
				571793C31CE3D0F20044903D /* Message.swift in Sources */,
				57F6FC041D52991800E20021 /* ContactSelector.swift in Sources */,
				57F6FC021D5293E300E20021 /* ContactsSearchResultsController.swift in Sources */,
				57ECAC851CC3315D006CE193 /* ChatViewController.swift in Sources */,
				571793CB1CE3D94D0044903D /* Message+CoreDataProperties.swift in Sources */,
				57ECAC831CC3315D006CE193 /* AppDelegate.swift in Sources */,
				57C329561CE652930046B1B7 /* ChatCreationDelegate.swift in Sources */,
				57F6FBFE1D528CB800E20021 /* ContactsViewController.swift in Sources */,
			);
			runOnlyForDeploymentPostprocessing = 0;
		};
/* End PBXSourcesBuildPhase section */

/* Begin PBXVariantGroup section */
		57ECAC861CC3315D006CE193 /* Main.storyboard */ = {
			isa = PBXVariantGroup;
			children = (
				57ECAC871CC3315D006CE193 /* Base */,
			);
			name = Main.storyboard;
			sourceTree = "<group>";
		};
		57ECAC8B1CC3315D006CE193 /* LaunchScreen.storyboard */ = {
			isa = PBXVariantGroup;
			children = (
				57ECAC8C1CC3315D006CE193 /* Base */,
			);
			name = LaunchScreen.storyboard;
			sourceTree = "<group>";
		};
/* End PBXVariantGroup section */

/* Begin XCBuildConfiguration section */
		57ECAC8F1CC3315D006CE193 /* Debug */ = {
			isa = XCBuildConfiguration;
			buildSettings = {
				ALWAYS_SEARCH_USER_PATHS = NO;
				CLANG_ANALYZER_NONNULL = YES;
				CLANG_CXX_LANGUAGE_STANDARD = "gnu++0x";
				CLANG_CXX_LIBRARY = "libc++";
				CLANG_ENABLE_MODULES = YES;
				CLANG_ENABLE_OBJC_ARC = YES;
				CLANG_WARN_BOOL_CONVERSION = YES;
				CLANG_WARN_CONSTANT_CONVERSION = YES;
				CLANG_WARN_DIRECT_OBJC_ISA_USAGE = YES_ERROR;
				CLANG_WARN_EMPTY_BODY = YES;
				CLANG_WARN_ENUM_CONVERSION = YES;
				CLANG_WARN_INT_CONVERSION = YES;
				CLANG_WARN_OBJC_ROOT_CLASS = YES_ERROR;
				CLANG_WARN_UNREACHABLE_CODE = YES;
				CLANG_WARN__DUPLICATE_METHOD_MATCH = YES;
				"CODE_SIGN_IDENTITY[sdk=iphoneos*]" = "iPhone Developer";
				COPY_PHASE_STRIP = NO;
				DEBUG_INFORMATION_FORMAT = dwarf;
				ENABLE_STRICT_OBJC_MSGSEND = YES;
				ENABLE_TESTABILITY = YES;
				GCC_C_LANGUAGE_STANDARD = gnu99;
				GCC_DYNAMIC_NO_PIC = NO;
				GCC_NO_COMMON_BLOCKS = YES;
				GCC_OPTIMIZATION_LEVEL = 0;
				GCC_PREPROCESSOR_DEFINITIONS = (
					"DEBUG=1",
					"$(inherited)",
				);
				GCC_WARN_64_TO_32_BIT_CONVERSION = YES;
				GCC_WARN_ABOUT_RETURN_TYPE = YES_ERROR;
				GCC_WARN_UNDECLARED_SELECTOR = YES;
				GCC_WARN_UNINITIALIZED_AUTOS = YES_AGGRESSIVE;
				GCC_WARN_UNUSED_FUNCTION = YES;
				GCC_WARN_UNUSED_VARIABLE = YES;
				IPHONEOS_DEPLOYMENT_TARGET = 9.3;
				MTL_ENABLE_DEBUG_INFO = YES;
				ONLY_ACTIVE_ARCH = YES;
				SDKROOT = iphoneos;
				SWIFT_OPTIMIZATION_LEVEL = "-Onone";
				TARGETED_DEVICE_FAMILY = "1,2";
			};
			name = Debug;
		};
		57ECAC901CC3315D006CE193 /* Release */ = {
			isa = XCBuildConfiguration;
			buildSettings = {
				ALWAYS_SEARCH_USER_PATHS = NO;
				CLANG_ANALYZER_NONNULL = YES;
				CLANG_CXX_LANGUAGE_STANDARD = "gnu++0x";
				CLANG_CXX_LIBRARY = "libc++";
				CLANG_ENABLE_MODULES = YES;
				CLANG_ENABLE_OBJC_ARC = YES;
				CLANG_WARN_BOOL_CONVERSION = YES;
				CLANG_WARN_CONSTANT_CONVERSION = YES;
				CLANG_WARN_DIRECT_OBJC_ISA_USAGE = YES_ERROR;
				CLANG_WARN_EMPTY_BODY = YES;
				CLANG_WARN_ENUM_CONVERSION = YES;
				CLANG_WARN_INT_CONVERSION = YES;
				CLANG_WARN_OBJC_ROOT_CLASS = YES_ERROR;
				CLANG_WARN_UNREACHABLE_CODE = YES;
				CLANG_WARN__DUPLICATE_METHOD_MATCH = YES;
				"CODE_SIGN_IDENTITY[sdk=iphoneos*]" = "iPhone Developer";
				COPY_PHASE_STRIP = NO;
				DEBUG_INFORMATION_FORMAT = "dwarf-with-dsym";
				ENABLE_NS_ASSERTIONS = NO;
				ENABLE_STRICT_OBJC_MSGSEND = YES;
				GCC_C_LANGUAGE_STANDARD = gnu99;
				GCC_NO_COMMON_BLOCKS = YES;
				GCC_WARN_64_TO_32_BIT_CONVERSION = YES;
				GCC_WARN_ABOUT_RETURN_TYPE = YES_ERROR;
				GCC_WARN_UNDECLARED_SELECTOR = YES;
				GCC_WARN_UNINITIALIZED_AUTOS = YES_AGGRESSIVE;
				GCC_WARN_UNUSED_FUNCTION = YES;
				GCC_WARN_UNUSED_VARIABLE = YES;
				IPHONEOS_DEPLOYMENT_TARGET = 9.3;
				MTL_ENABLE_DEBUG_INFO = NO;
				SDKROOT = iphoneos;
				TARGETED_DEVICE_FAMILY = "1,2";
				VALIDATE_PRODUCT = YES;
			};
			name = Release;
		};
		57ECAC921CC3315D006CE193 /* Debug */ = {
			isa = XCBuildConfiguration;
			buildSettings = {
				ASSETCATALOG_COMPILER_APPICON_NAME = AppIcon;
				INFOPLIST_FILE = WhaleTalk/Info.plist;
				LD_RUNPATH_SEARCH_PATHS = "$(inherited) @executable_path/Frameworks";
				PRODUCT_BUNDLE_IDENTIFIER = com.whaletalk.WhaleTalk;
				PRODUCT_NAME = "$(TARGET_NAME)";
			};
			name = Debug;
		};
		57ECAC931CC3315D006CE193 /* Release */ = {
			isa = XCBuildConfiguration;
			buildSettings = {
				ASSETCATALOG_COMPILER_APPICON_NAME = AppIcon;
				INFOPLIST_FILE = WhaleTalk/Info.plist;
				LD_RUNPATH_SEARCH_PATHS = "$(inherited) @executable_path/Frameworks";
				PRODUCT_BUNDLE_IDENTIFIER = com.whaletalk.WhaleTalk;
				PRODUCT_NAME = "$(TARGET_NAME)";
			};
			name = Release;
		};
/* End XCBuildConfiguration section */

/* Begin XCConfigurationList section */
		57ECAC7A1CC3315D006CE193 /* Build configuration list for PBXProject "WhaleTalk" */ = {
			isa = XCConfigurationList;
			buildConfigurations = (
				57ECAC8F1CC3315D006CE193 /* Debug */,
				57ECAC901CC3315D006CE193 /* Release */,
			);
			defaultConfigurationIsVisible = 0;
			defaultConfigurationName = Release;
		};
		57ECAC911CC3315D006CE193 /* Build configuration list for PBXNativeTarget "WhaleTalk" */ = {
			isa = XCConfigurationList;
			buildConfigurations = (
				57ECAC921CC3315D006CE193 /* Debug */,
				57ECAC931CC3315D006CE193 /* Release */,
			);
			defaultConfigurationIsVisible = 0;
			defaultConfigurationName = Release;
		};
/* End XCConfigurationList section */

/* Begin XCVersionGroup section */
		571793BD1CE3D01F0044903D /* Model.xcdatamodeld */ = {
			isa = XCVersionGroup;
			children = (
				571793BE1CE3D01F0044903D /* Model.xcdatamodel */,
			);
			currentVersion = 571793BE1CE3D01F0044903D /* Model.xcdatamodel */;
			path = Model.xcdatamodeld;
			sourceTree = "<group>";
			versionGroupType = wrapper.xcdatamodel;
		};
/* End XCVersionGroup section */
	};
	rootObject = 57ECAC771CC3315D006CE193 /* Project object */;
}
